{
  "name": "geomood-repo",
  "version": "1.0.0",
  "lockfileVersion": 3,
  "requires": true,
  "packages": {
    "": {
      "name": "geomood-repo",
      "version": "1.0.0",
      "license": "ISC",
      "workspaces": [
        "package/server",
        "packages/www"
      ]
    },
    "node_modules/@geomood/www": {
      "resolved": "packages/www",
      "link": true
    },
    "packages/www": {
      "name": "@geomood/www",
      "version": "1.0.0",
      "license": "ISC"
    }
  }
}
